<?xml version="1.0" encoding="utf-8"?>
<Project ToolsVersion="4.0" xmlns="http://schemas.microsoft.com/developer/msbuild/2003">
  <ItemGroup>
    <Filter Include="Source Files">
      <UniqueIdentifier>{4FC737F1-C7A5-4376-A066-2A32D752A2FF}</UniqueIdentifier>
      <Extensions>cpp;c;cc;cxx;def;odl;idl;hpj;bat;asm;asmx</Extensions>
    </Filter>
    <Filter Include="Header Files">
      <UniqueIdentifier>{93995380-89BD-4b04-88EB-625FBE52EBFB}</UniqueIdentifier>
      <Extensions>h;hh;hpp;hxx;hm;inl;inc;ipp;xsd</Extensions>
    </Filter>
    <Filter Include="Resource Files">
      <UniqueIdentifier>{67DA6AB6-F800-4c08-8B7A-83BB121AAD01}</UniqueIdentifier>
      <Extensions>rc;ico;cur;bmp;dlg;rc2;rct;bin;rgs;gif;jpg;jpeg;jpe;resx;tiff;tif;png;wav;mfcribbon-ms</Extensions>
    </Filter>
    <Filter Include="Header Files\Componants">
      <UniqueIdentifier>{e25aa9e7-3618-470f-986f-a66ceb56957d}</UniqueIdentifier>
    </Filter>
    <Filter Include="Header Files\Systems">
      <UniqueIdentifier>{7314967c-1165-423c-a6e3-3be616da7019}</UniqueIdentifier>
    </Filter>
    <Filter Include="Source Files\Componants">
      <UniqueIdentifier>{79b1244c-ddfc-41e8-8ebd-ee3ed11ade3f}</UniqueIdentifier>
    </Filter>
    <Filter Include="Source Files\Systems">
      <UniqueIdentifier>{e6e63c94-f56a-4afb-8a8d-d75f91f0cfd0}</UniqueIdentifier>
    </Filter>
  </ItemGroup>
  <ItemGroup>
    <ClCompile Include="Entity.cpp">
      <Filter>Source Files</Filter>
    </ClCompile>
    <ClCompile Include="Source.cpp">
      <Filter>Source Files</Filter>
    </ClCompile>
    <ClCompile Include="Componant.cpp">
      <Filter>Source Files\Componants</Filter>
    </ClCompile>
    <ClCompile Include="HealthComponant.cpp">
      <Filter>Source Files\Componants</Filter>
    </ClCompile>
    <ClCompile Include="HealthSystem.cpp">
      <Filter>Source Files\Systems</Filter>
    </ClCompile>
    <ClCompile Include="PositionComponant.cpp">
      <Filter>Source Files\Componants</Filter>
    </ClCompile>
    <ClCompile Include="inputComponant.cpp">
      <Filter>Source Files\Componants</Filter>
    </ClCompile>
    <ClCompile Include="RenderSystem.cpp">
      <Filter>Source Files\Systems</Filter>
    </ClCompile>
    <ClCompile Include="AiSystem.cpp">
      <Filter>Source Files\Systems</Filter>
    </ClCompile>
    <ClCompile Include="ControlSystem.cpp">
      <Filter>Source Files\Systems</Filter>
    </ClCompile>
  </ItemGroup>
  <ItemGroup>
    <ClInclude Include="Entity.h">
      <Filter>Header Files</Filter>
    </ClInclude>
    <ClInclude Include="HealthComponant.h">
      <Filter>Header Files\Componants</Filter>
    </ClInclude>
    <ClInclude Include="HealthSystem.h">
      <Filter>Header Files\Systems</Filter>
    </ClInclude>
    <ClInclude Include="Componant.h">
      <Filter>Header Files\Componants</Filter>
    </ClInclude>
    <ClInclude Include="PositionComponant.h">
      <Filter>Header Files\Componants</Filter>
    </ClInclude>
    <ClInclude Include="inputComponant.h">
      <Filter>Header Files\Componants</Filter>
    </ClInclude>
    <ClInclude Include="RenderSystem.h">
      <Filter>Header Files\Systems</Filter>
    </ClInclude>
    <ClInclude Include="AiSystem.h">
      <Filter>Header Files\Systems</Filter>
    </ClInclude>
    <ClInclude Include="ControlSystem.h">
      <Filter>Header Files\Systems</Filter>
    </ClInclude>
  </ItemGroup>
</Project>